
Microsoft Visual Studio Solution File, Format Version 12.00
# Visual Studio Version 17
VisualStudioVersion = 17.7.34031.279
MinimumVisualStudioVersion = 10.0.40219.1
Project("{9A19103F-16F7-4668-BE54-9A1E7A4F7556}") = "1Arrays", "1Arrays\1Arrays.csproj", "{A3CAF45A-0D75-4468-ACC8-DD0EA57AFCB9}"
EndProject
Project("{9A19103F-16F7-4668-BE54-9A1E7A4F7556}") = "2Arrays", "2Arrays\2Arrays.csproj", "{20A7C5C2-0CCF-44F7-A1EB-B27AD286A40B}"
EndProject
Project("{9A19103F-16F7-4668-BE54-9A1E7A4F7556}") = "3Arrays", "3Arrays\3Arrays.csproj", "{FE046F34-21B2-4F72-90C7-564458513B69}"
EndProject
Project("{9A19103F-16F7-4668-BE54-9A1E7A4F7556}") = "4ClasseArrays", "4ClasseArrays\4ClasseArrays.csproj", "{2FA72185-2194-4308-8901-8530BB1F5C25}"
EndProject
Project("{9A19103F-16F7-4668-BE54-9A1E7A4F7556}") = "5Exercicio", "5Exercicio\5Exercicio.csproj", "{88FEBE4B-27CD-4762-9103-827E1C13A2A9}"
EndProject
Project("{9A19103F-16F7-4668-BE54-9A1E7A4F7556}") = "6ModificadorParams", "6ModificadorParams\6ModificadorParams.csproj", "{FAB95380-6539-41D1-9149-3B890981442C}"
EndProject
Project("{9A19103F-16F7-4668-BE54-9A1E7A4F7556}") = "7ArraysBidimensionais", "7ArraysBidimensionais\7ArraysBidimensionais.csproj", "{7C14899E-052F-4C28-9085-C82189256161}"
EndProject
Project("{9A19103F-16F7-4668-BE54-9A1E7A4F7556}") = "8ArraysMultidimensionais", "8ArraysMultidimensionais\8ArraysMultidimensionais.csproj", "{55F6D26A-1EA8-4B8F-BBEA-637CD65C9273}"
EndProject
Project("{9A19103F-16F7-4668-BE54-9A1E7A4F7556}") = "9ExercicioArrayBidimensional", "9ExercicioArrayBidimensional\9ExercicioArrayBidimensional.csproj", "{474C7B42-9015-43E3-9616-DAF5409971F1}"
EndProject
Project("{9A19103F-16F7-4668-BE54-9A1E7A4F7556}") = "10ArrayList", "10ArrayList\10ArrayList.csproj", "{624351E0-6F07-45AA-9270-D0FF6116EB66}"
EndProject
Project("{9A19103F-16F7-4668-BE54-9A1E7A4F7556}") = "11ArrayList", "11ArrayList\11ArrayList.csproj", "{BA6B8781-DC34-47B4-A17D-EC6301452560}"
EndProject
Project("{9A19103F-16F7-4668-BE54-9A1E7A4F7556}") = "12ArrayList", "12ArrayList\12ArrayList.csproj", "{E1E335C1-7A31-4C6E-9090-829ECA2389A4}"
EndProject
Project("{9A19103F-16F7-4668-BE54-9A1E7A4F7556}") = "13ArrayList", "13ArrayList\13ArrayList.csproj", "{9C17A4ED-1C4A-4C62-AEED-754048DBB5A8}"
EndProject
Project("{9A19103F-16F7-4668-BE54-9A1E7A4F7556}") = "14ColecaoList", "14ColecaoList\14ColecaoList.csproj", "{D817E8DC-F7AF-4B2B-AE3F-9CF558EE53AA}"
EndProject
Project("{9A19103F-16F7-4668-BE54-9A1E7A4F7556}") = "15ColecaoList", "15ColecaoList\15ColecaoList.csproj", "{C34FA120-D155-42FB-8162-D91A3C2697C9}"
EndProject
Project("{9A19103F-16F7-4668-BE54-9A1E7A4F7556}") = "16ListEArrayList", "16ListEArrayList\16ListEArrayList.csproj", "{44843CC6-5711-4264-BD4D-08999C01D82A}"
EndProject
Project("{9A19103F-16F7-4668-BE54-9A1E7A4F7556}") = "17ListMetodosFind", "17ListMetodosFind\17ListMetodosFind.csproj", "{5275AB87-A1F2-4BDC-B306-04FB89A6B85D}"
EndProject
Project("{9A19103F-16F7-4668-BE54-9A1E7A4F7556}") = "18List_E_IEnumerable", "18List_E_IEnumerable\18List_E_IEnumerable.csproj", "{F0E5C0A7-B34B-475B-A8D8-A6AF213A9CE7}"
EndProject
Project("{9A19103F-16F7-4668-BE54-9A1E7A4F7556}") = "19ListExercicio", "19ListExercicio\19ListExercicio.csproj", "{5AF14741-D40E-447C-A9A7-342105FA1955}"
EndProject
Project("{9A19103F-16F7-4668-BE54-9A1E7A4F7556}") = "20Indexadores", "20Indexadores\20Indexadores.csproj", "{4B684063-2478-4299-B6BF-568C5AFDBD86}"
EndProject
Project("{9A19103F-16F7-4668-BE54-9A1E7A4F7556}") = "21ClasseRandom", "21ClasseRandom\21ClasseRandom.csproj", "{C3C89032-EC8A-40A3-92AB-ED98E5C9080D}"
EndProject
Project("{2150E333-8FDC-42A3-9474-1A3956D46DE8}") = "Exercicios", "Exercicios", "{9C4E62BB-E7BD-4D03-946B-50F2B0D76262}"
EndProject
Project("{9A19103F-16F7-4668-BE54-9A1E7A4F7556}") = "Exercicio1", "Exercicio1\Exercicio1.csproj", "{0359EC40-1B67-4164-92EB-3CF03326406A}"
EndProject
Project("{FAE04EC0-301F-11D3-BF4B-00C04F79EFBC}") = "Exercicio2", "Exercicio2\Exercicio2.csproj", "{93963F75-879E-4DC7-944F-C3EF6FF39871}"
EndProject
Project("{FAE04EC0-301F-11D3-BF4B-00C04F79EFBC}") = "Exercicio3", "Exercicio3\Exercicio3.csproj", "{DBB7BDA5-16C1-40C9-94D4-42468A4D9F57}"
EndProject
Project("{FAE04EC0-301F-11D3-BF4B-00C04F79EFBC}") = "Exercicio4", "Exercicio4\Exercicio4.csproj", "{E2CF5C39-0E5C-4361-A450-237CD5786038}"
EndProject
Global
	GlobalSection(SolutionConfigurationPlatforms) = preSolution
		Debug|Any CPU = Debug|Any CPU
		Release|Any CPU = Release|Any CPU
	EndGlobalSection
	GlobalSection(ProjectConfigurationPlatforms) = postSolution
		{A3CAF45A-0D75-4468-ACC8-DD0EA57AFCB9}.Debug|Any CPU.ActiveCfg = Debug|Any CPU
		{A3CAF45A-0D75-4468-ACC8-DD0EA57AFCB9}.Debug|Any CPU.Build.0 = Debug|Any CPU
		{A3CAF45A-0D75-4468-ACC8-DD0EA57AFCB9}.Release|Any CPU.ActiveCfg = Release|Any CPU
		{A3CAF45A-0D75-4468-ACC8-DD0EA57AFCB9}.Release|Any CPU.Build.0 = Release|Any CPU
		{20A7C5C2-0CCF-44F7-A1EB-B27AD286A40B}.Debug|Any CPU.ActiveCfg = Debug|Any CPU
		{20A7C5C2-0CCF-44F7-A1EB-B27AD286A40B}.Debug|Any CPU.Build.0 = Debug|Any CPU
		{20A7C5C2-0CCF-44F7-A1EB-B27AD286A40B}.Release|Any CPU.ActiveCfg = Release|Any CPU
		{20A7C5C2-0CCF-44F7-A1EB-B27AD286A40B}.Release|Any CPU.Build.0 = Release|Any CPU
		{FE046F34-21B2-4F72-90C7-564458513B69}.Debug|Any CPU.ActiveCfg = Debug|Any CPU
		{FE046F34-21B2-4F72-90C7-564458513B69}.Debug|Any CPU.Build.0 = Debug|Any CPU
		{FE046F34-21B2-4F72-90C7-564458513B69}.Release|Any CPU.ActiveCfg = Release|Any CPU
		{FE046F34-21B2-4F72-90C7-564458513B69}.Release|Any CPU.Build.0 = Release|Any CPU
		{2FA72185-2194-4308-8901-8530BB1F5C25}.Debug|Any CPU.ActiveCfg = Debug|Any CPU
		{2FA72185-2194-4308-8901-8530BB1F5C25}.Debug|Any CPU.Build.0 = Debug|Any CPU
		{2FA72185-2194-4308-8901-8530BB1F5C25}.Release|Any CPU.ActiveCfg = Release|Any CPU
		{2FA72185-2194-4308-8901-8530BB1F5C25}.Release|Any CPU.Build.0 = Release|Any CPU
		{88FEBE4B-27CD-4762-9103-827E1C13A2A9}.Debug|Any CPU.ActiveCfg = Debug|Any CPU
		{88FEBE4B-27CD-4762-9103-827E1C13A2A9}.Debug|Any CPU.Build.0 = Debug|Any CPU
		{88FEBE4B-27CD-4762-9103-827E1C13A2A9}.Release|Any CPU.ActiveCfg = Release|Any CPU
		{88FEBE4B-27CD-4762-9103-827E1C13A2A9}.Release|Any CPU.Build.0 = Release|Any CPU
		{FAB95380-6539-41D1-9149-3B890981442C}.Debug|Any CPU.ActiveCfg = Debug|Any CPU
		{FAB95380-6539-41D1-9149-3B890981442C}.Debug|Any CPU.Build.0 = Debug|Any CPU
		{FAB95380-6539-41D1-9149-3B890981442C}.Release|Any CPU.ActiveCfg = Release|Any CPU
		{FAB95380-6539-41D1-9149-3B890981442C}.Release|Any CPU.Build.0 = Release|Any CPU
		{7C14899E-052F-4C28-9085-C82189256161}.Debug|Any CPU.ActiveCfg = Debug|Any CPU
		{7C14899E-052F-4C28-9085-C82189256161}.Debug|Any CPU.Build.0 = Debug|Any CPU
		{7C14899E-052F-4C28-9085-C82189256161}.Release|Any CPU.ActiveCfg = Release|Any CPU
		{7C14899E-052F-4C28-9085-C82189256161}.Release|Any CPU.Build.0 = Release|Any CPU
		{55F6D26A-1EA8-4B8F-BBEA-637CD65C9273}.Debug|Any CPU.ActiveCfg = Debug|Any CPU
		{55F6D26A-1EA8-4B8F-BBEA-637CD65C9273}.Debug|Any CPU.Build.0 = Debug|Any CPU
		{55F6D26A-1EA8-4B8F-BBEA-637CD65C9273}.Release|Any CPU.ActiveCfg = Release|Any CPU
		{55F6D26A-1EA8-4B8F-BBEA-637CD65C9273}.Release|Any CPU.Build.0 = Release|Any CPU
		{474C7B42-9015-43E3-9616-DAF5409971F1}.Debug|Any CPU.ActiveCfg = Debug|Any CPU
		{474C7B42-9015-43E3-9616-DAF5409971F1}.Debug|Any CPU.Build.0 = Debug|Any CPU
		{474C7B42-9015-43E3-9616-DAF5409971F1}.Release|Any CPU.ActiveCfg = Release|Any CPU
		{474C7B42-9015-43E3-9616-DAF5409971F1}.Release|Any CPU.Build.0 = Release|Any CPU
		{624351E0-6F07-45AA-9270-D0FF6116EB66}.Debug|Any CPU.ActiveCfg = Debug|Any CPU
		{624351E0-6F07-45AA-9270-D0FF6116EB66}.Debug|Any CPU.Build.0 = Debug|Any CPU
		{624351E0-6F07-45AA-9270-D0FF6116EB66}.Release|Any CPU.ActiveCfg = Release|Any CPU
		{624351E0-6F07-45AA-9270-D0FF6116EB66}.Release|Any CPU.Build.0 = Release|Any CPU
		{BA6B8781-DC34-47B4-A17D-EC6301452560}.Debug|Any CPU.ActiveCfg = Debug|Any CPU
		{BA6B8781-DC34-47B4-A17D-EC6301452560}.Debug|Any CPU.Build.0 = Debug|Any CPU
		{BA6B8781-DC34-47B4-A17D-EC6301452560}.Release|Any CPU.ActiveCfg = Release|Any CPU
		{BA6B8781-DC34-47B4-A17D-EC6301452560}.Release|Any CPU.Build.0 = Release|Any CPU
		{E1E335C1-7A31-4C6E-9090-829ECA2389A4}.Debug|Any CPU.ActiveCfg = Debug|Any CPU
		{E1E335C1-7A31-4C6E-9090-829ECA2389A4}.Debug|Any CPU.Build.0 = Debug|Any CPU
		{E1E335C1-7A31-4C6E-9090-829ECA2389A4}.Release|Any CPU.ActiveCfg = Release|Any CPU
		{E1E335C1-7A31-4C6E-9090-829ECA2389A4}.Release|Any CPU.Build.0 = Release|Any CPU
		{9C17A4ED-1C4A-4C62-AEED-754048DBB5A8}.Debug|Any CPU.ActiveCfg = Debug|Any CPU
		{9C17A4ED-1C4A-4C62-AEED-754048DBB5A8}.Debug|Any CPU.Build.0 = Debug|Any CPU
		{9C17A4ED-1C4A-4C62-AEED-754048DBB5A8}.Release|Any CPU.ActiveCfg = Release|Any CPU
		{9C17A4ED-1C4A-4C62-AEED-754048DBB5A8}.Release|Any CPU.Build.0 = Release|Any CPU
		{D817E8DC-F7AF-4B2B-AE3F-9CF558EE53AA}.Debug|Any CPU.ActiveCfg = Debug|Any CPU
		{D817E8DC-F7AF-4B2B-AE3F-9CF558EE53AA}.Debug|Any CPU.Build.0 = Debug|Any CPU
		{D817E8DC-F7AF-4B2B-AE3F-9CF558EE53AA}.Release|Any CPU.ActiveCfg = Release|Any CPU
		{D817E8DC-F7AF-4B2B-AE3F-9CF558EE53AA}.Release|Any CPU.Build.0 = Release|Any CPU
		{C34FA120-D155-42FB-8162-D91A3C2697C9}.Debug|Any CPU.ActiveCfg = Debug|Any CPU
		{C34FA120-D155-42FB-8162-D91A3C2697C9}.Debug|Any CPU.Build.0 = Debug|Any CPU
		{C34FA120-D155-42FB-8162-D91A3C2697C9}.Release|Any CPU.ActiveCfg = Release|Any CPU
		{C34FA120-D155-42FB-8162-D91A3C2697C9}.Release|Any CPU.Build.0 = Release|Any CPU
		{44843CC6-5711-4264-BD4D-08999C01D82A}.Debug|Any CPU.ActiveCfg = Debug|Any CPU
		{44843CC6-5711-4264-BD4D-08999C01D82A}.Debug|Any CPU.Build.0 = Debug|Any CPU
		{44843CC6-5711-4264-BD4D-08999C01D82A}.Release|Any CPU.ActiveCfg = Release|Any CPU
		{44843CC6-5711-4264-BD4D-08999C01D82A}.Release|Any CPU.Build.0 = Release|Any CPU
		{5275AB87-A1F2-4BDC-B306-04FB89A6B85D}.Debug|Any CPU.ActiveCfg = Debug|Any CPU
		{5275AB87-A1F2-4BDC-B306-04FB89A6B85D}.Debug|Any CPU.Build.0 = Debug|Any CPU
		{5275AB87-A1F2-4BDC-B306-04FB89A6B85D}.Release|Any CPU.ActiveCfg = Release|Any CPU
		{5275AB87-A1F2-4BDC-B306-04FB89A6B85D}.Release|Any CPU.Build.0 = Release|Any CPU
		{F0E5C0A7-B34B-475B-A8D8-A6AF213A9CE7}.Debug|Any CPU.ActiveCfg = Debug|Any CPU
		{F0E5C0A7-B34B-475B-A8D8-A6AF213A9CE7}.Debug|Any CPU.Build.0 = Debug|Any CPU
		{F0E5C0A7-B34B-475B-A8D8-A6AF213A9CE7}.Release|Any CPU.ActiveCfg = Release|Any CPU
		{F0E5C0A7-B34B-475B-A8D8-A6AF213A9CE7}.Release|Any CPU.Build.0 = Release|Any CPU
		{5AF14741-D40E-447C-A9A7-342105FA1955}.Debug|Any CPU.ActiveCfg = Debug|Any CPU
		{5AF14741-D40E-447C-A9A7-342105FA1955}.Debug|Any CPU.Build.0 = Debug|Any CPU
		{5AF14741-D40E-447C-A9A7-342105FA1955}.Release|Any CPU.ActiveCfg = Release|Any CPU
		{5AF14741-D40E-447C-A9A7-342105FA1955}.Release|Any CPU.Build.0 = Release|Any CPU
		{4B684063-2478-4299-B6BF-568C5AFDBD86}.Debug|Any CPU.ActiveCfg = Debug|Any CPU
		{4B684063-2478-4299-B6BF-568C5AFDBD86}.Debug|Any CPU.Build.0 = Debug|Any CPU
		{4B684063-2478-4299-B6BF-568C5AFDBD86}.Release|Any CPU.ActiveCfg = Release|Any CPU
		{4B684063-2478-4299-B6BF-568C5AFDBD86}.Release|Any CPU.Build.0 = Release|Any CPU
		{C3C89032-EC8A-40A3-92AB-ED98E5C9080D}.Debug|Any CPU.ActiveCfg = Debug|Any CPU
		{C3C89032-EC8A-40A3-92AB-ED98E5C9080D}.Debug|Any CPU.Build.0 = Debug|Any CPU
		{C3C89032-EC8A-40A3-92AB-ED98E5C9080D}.Release|Any CPU.ActiveCfg = Release|Any CPU
		{C3C89032-EC8A-40A3-92AB-ED98E5C9080D}.Release|Any CPU.Build.0 = Release|Any CPU
		{0359EC40-1B67-4164-92EB-3CF03326406A}.Debug|Any CPU.ActiveCfg = Debug|Any CPU
		{0359EC40-1B67-4164-92EB-3CF03326406A}.Debug|Any CPU.Build.0 = Debug|Any CPU
		{0359EC40-1B67-4164-92EB-3CF03326406A}.Release|Any CPU.ActiveCfg = Release|Any CPU
		{0359EC40-1B67-4164-92EB-3CF03326406A}.Release|Any CPU.Build.0 = Release|Any CPU
		{93963F75-879E-4DC7-944F-C3EF6FF39871}.Debug|Any CPU.ActiveCfg = Debug|Any CPU
		{93963F75-879E-4DC7-944F-C3EF6FF39871}.Debug|Any CPU.Build.0 = Debug|Any CPU
		{93963F75-879E-4DC7-944F-C3EF6FF39871}.Release|Any CPU.ActiveCfg = Release|Any CPU
		{93963F75-879E-4DC7-944F-C3EF6FF39871}.Release|Any CPU.Build.0 = Release|Any CPU
		{DBB7BDA5-16C1-40C9-94D4-42468A4D9F57}.Debug|Any CPU.ActiveCfg = Debug|Any CPU
		{DBB7BDA5-16C1-40C9-94D4-42468A4D9F57}.Debug|Any CPU.Build.0 = Debug|Any CPU
		{DBB7BDA5-16C1-40C9-94D4-42468A4D9F57}.Release|Any CPU.ActiveCfg = Release|Any CPU
		{DBB7BDA5-16C1-40C9-94D4-42468A4D9F57}.Release|Any CPU.Build.0 = Release|Any CPU
		{E2CF5C39-0E5C-4361-A450-237CD5786038}.Debug|Any CPU.ActiveCfg = Debug|Any CPU
		{E2CF5C39-0E5C-4361-A450-237CD5786038}.Debug|Any CPU.Build.0 = Debug|Any CPU
		{E2CF5C39-0E5C-4361-A450-237CD5786038}.Release|Any CPU.ActiveCfg = Release|Any CPU
		{E2CF5C39-0E5C-4361-A450-237CD5786038}.Release|Any CPU.Build.0 = Release|Any CPU
	EndGlobalSection
	GlobalSection(SolutionProperties) = preSolution
		HideSolutionNode = FALSE
	EndGlobalSection
	GlobalSection(NestedProjects) = preSolution
		{0359EC40-1B67-4164-92EB-3CF03326406A} = {9C4E62BB-E7BD-4D03-946B-50F2B0D76262}
		{93963F75-879E-4DC7-944F-C3EF6FF39871} = {9C4E62BB-E7BD-4D03-946B-50F2B0D76262}
		{DBB7BDA5-16C1-40C9-94D4-42468A4D9F57} = {9C4E62BB-E7BD-4D03-946B-50F2B0D76262}
		{E2CF5C39-0E5C-4361-A450-237CD5786038} = {9C4E62BB-E7BD-4D03-946B-50F2B0D76262}
	EndGlobalSection
	GlobalSection(ExtensibilityGlobals) = postSolution
		SolutionGuid = {44A27BC4-BAB6-45B9-B8B5-8A85DC522D55}
	EndGlobalSection
EndGlobal
